
Microsoft Visual Studio Solution File, Format Version 12.00
# Visual Studio Version 17
VisualStudioVersion = 17.13.35931.197 d17.13
MinimumVisualStudioVersion = 10.0.40219.1
Project("{FAE04EC0-301F-11D3-BF4B-00C04F79EFBC}") = "Programa", "Programa.csproj", "{3E3938A3-323F-4C22-8836-6EC3CE25385A}"
EndProject
Global
	GlobalSection(SolutionConfigurationPlatforms) = preSolution
		Debug|Any CPU = Debug|Any CPU
		Release|Any CPU = Release|Any CPU
	EndGlobalSection
	GlobalSection(ProjectConfigurationPlatforms) = postSolution
		{3E3938A3-323F-4C22-8836-6EC3CE25385A}.Debug|Any CPU.ActiveCfg = Debug|Any CPU
		{3E3938A3-323F-4C22-8836-6EC3CE25385A}.Debug|Any CPU.Build.0 = Debug|Any CPU
		{3E3938A3-323F-4C22-8836-6EC3CE25385A}.Release|Any CPU.ActiveCfg = Release|Any CPU
		{3E3938A3-323F-4C22-8836-6EC3CE25385A}.Release|Any CPU.Build.0 = Release|Any CPU
	EndGlobalSection
	GlobalSection(SolutionProperties) = preSolution
		HideSolutionNode = FALSE
	EndGlobalSection
	GlobalSection(ExtensibilityGlobals) = postSolution
		SolutionGuid = {B66EB40F-2D99-4454-8DB1-96C698356EA5}
	EndGlobalSection
EndGlobal
